
Microsoft Visual Studio Solution File, Format Version 12.00
# Visual Studio 15
VisualStudioVersion = 15.0.26124.0
MinimumVisualStudioVersion = 15.0.26124.0
Project("{FAE04EC0-301F-11D3-BF4B-00C04F79EFBC}") = "PaymentContext.Domain", "PaymentContext.Domain\PaymentContext.Domain.csproj", "{238A4D3C-5BF3-4D0E-BFEF-6730347D764C}"
EndProject
Project("{FAE04EC0-301F-11D3-BF4B-00C04F79EFBC}") = "PaymentContext.Shared", "PaymentContext.Shared\PaymentContext.Shared.csproj", "{7A953756-33A0-407E-A401-88B637D8E1DA}"
EndProject
Project("{FAE04EC0-301F-11D3-BF4B-00C04F79EFBC}") = "PaymentContext.Tests", "PaymentContext.Tests\PaymentContext.Tests.csproj", "{5641BCD0-AE6C-4865-8702-3447FCD09E28}"
EndProject
Global
	GlobalSection(SolutionConfigurationPlatforms) = preSolution
		Debug|Any CPU = Debug|Any CPU
		Debug|x64 = Debug|x64
		Debug|x86 = Debug|x86
		Release|Any CPU = Release|Any CPU
		Release|x64 = Release|x64
		Release|x86 = Release|x86
	EndGlobalSection
	GlobalSection(SolutionProperties) = preSolution
		HideSolutionNode = FALSE
	EndGlobalSection
	GlobalSection(ProjectConfigurationPlatforms) = postSolution
		{238A4D3C-5BF3-4D0E-BFEF-6730347D764C}.Debug|Any CPU.ActiveCfg = Debug|Any CPU
		{238A4D3C-5BF3-4D0E-BFEF-6730347D764C}.Debug|Any CPU.Build.0 = Debug|Any CPU
		{238A4D3C-5BF3-4D0E-BFEF-6730347D764C}.Debug|x64.ActiveCfg = Debug|Any CPU
		{238A4D3C-5BF3-4D0E-BFEF-6730347D764C}.Debug|x64.Build.0 = Debug|Any CPU
		{238A4D3C-5BF3-4D0E-BFEF-6730347D764C}.Debug|x86.ActiveCfg = Debug|Any CPU
		{238A4D3C-5BF3-4D0E-BFEF-6730347D764C}.Debug|x86.Build.0 = Debug|Any CPU
		{238A4D3C-5BF3-4D0E-BFEF-6730347D764C}.Release|Any CPU.ActiveCfg = Release|Any CPU
		{238A4D3C-5BF3-4D0E-BFEF-6730347D764C}.Release|Any CPU.Build.0 = Release|Any CPU
		{238A4D3C-5BF3-4D0E-BFEF-6730347D764C}.Release|x64.ActiveCfg = Release|Any CPU
		{238A4D3C-5BF3-4D0E-BFEF-6730347D764C}.Release|x64.Build.0 = Release|Any CPU
		{238A4D3C-5BF3-4D0E-BFEF-6730347D764C}.Release|x86.ActiveCfg = Release|Any CPU
		{238A4D3C-5BF3-4D0E-BFEF-6730347D764C}.Release|x86.Build.0 = Release|Any CPU
		{7A953756-33A0-407E-A401-88B637D8E1DA}.Debug|Any CPU.ActiveCfg = Debug|Any CPU
		{7A953756-33A0-407E-A401-88B637D8E1DA}.Debug|Any CPU.Build.0 = Debug|Any CPU
		{7A953756-33A0-407E-A401-88B637D8E1DA}.Debug|x64.ActiveCfg = Debug|Any CPU
		{7A953756-33A0-407E-A401-88B637D8E1DA}.Debug|x64.Build.0 = Debug|Any CPU
		{7A953756-33A0-407E-A401-88B637D8E1DA}.Debug|x86.ActiveCfg = Debug|Any CPU
		{7A953756-33A0-407E-A401-88B637D8E1DA}.Debug|x86.Build.0 = Debug|Any CPU
		{7A953756-33A0-407E-A401-88B637D8E1DA}.Release|Any CPU.ActiveCfg = Release|Any CPU
		{7A953756-33A0-407E-A401-88B637D8E1DA}.Release|Any CPU.Build.0 = Release|Any CPU
		{7A953756-33A0-407E-A401-88B637D8E1DA}.Release|x64.ActiveCfg = Release|Any CPU
		{7A953756-33A0-407E-A401-88B637D8E1DA}.Release|x64.Build.0 = Release|Any CPU
		{7A953756-33A0-407E-A401-88B637D8E1DA}.Release|x86.ActiveCfg = Release|Any CPU
		{7A953756-33A0-407E-A401-88B637D8E1DA}.Release|x86.Build.0 = Release|Any CPU
		{5641BCD0-AE6C-4865-8702-3447FCD09E28}.Debug|Any CPU.ActiveCfg = Debug|Any CPU
		{5641BCD0-AE6C-4865-8702-3447FCD09E28}.Debug|Any CPU.Build.0 = Debug|Any CPU
		{5641BCD0-AE6C-4865-8702-3447FCD09E28}.Debug|x64.ActiveCfg = Debug|Any CPU
		{5641BCD0-AE6C-4865-8702-3447FCD09E28}.Debug|x64.Build.0 = Debug|Any CPU
		{5641BCD0-AE6C-4865-8702-3447FCD09E28}.Debug|x86.ActiveCfg = Debug|Any CPU
		{5641BCD0-AE6C-4865-8702-3447FCD09E28}.Debug|x86.Build.0 = Debug|Any CPU
		{5641BCD0-AE6C-4865-8702-3447FCD09E28}.Release|Any CPU.ActiveCfg = Release|Any CPU
		{5641BCD0-AE6C-4865-8702-3447FCD09E28}.Release|Any CPU.Build.0 = Release|Any CPU
		{5641BCD0-AE6C-4865-8702-3447FCD09E28}.Release|x64.ActiveCfg = Release|Any CPU
		{5641BCD0-AE6C-4865-8702-3447FCD09E28}.Release|x64.Build.0 = Release|Any CPU
		{5641BCD0-AE6C-4865-8702-3447FCD09E28}.Release|x86.ActiveCfg = Release|Any CPU
		{5641BCD0-AE6C-4865-8702-3447FCD09E28}.Release|x86.Build.0 = Release|Any CPU
	EndGlobalSection
EndGlobal
